// !$*UTF8*$!
{
	archiveVersion = 1;
	classes = {
	};
	objectVersion = 46;
	objects = {

/* Begin PBXBuildFile section */
		E13DE83615201AB900BC77FD /* Gallery_Icon.png in Resources */ = {isa = PBXBuildFile; fileRef = E13DE83515201AB900BC77FD /* Gallery_Icon.png */; };
		E13DE83915201D2500BC77FD /* iPad Icon.png in Resources */ = {isa = PBXBuildFile; fileRef = E13DE83815201D2500BC77FD /* iPad Icon.png */; };
		E13DE83B15201D2B00BC77FD /* Retina iPad Icon.png in Resources */ = {isa = PBXBuildFile; fileRef = E13DE83A15201D2B00BC77FD /* Retina iPad Icon.png */; };
		E13DE83D152021BF00BC77FD /* Default-Portrait~ipad.png in Resources */ = {isa = PBXBuildFile; fileRef = E13DE83C152021BF00BC77FD /* Default-Portrait~ipad.png */; };
		E13DE83F152021C300BC77FD /* Default-Landscape~ipad.png in Resources */ = {isa = PBXBuildFile; fileRef = E13DE83E152021C300BC77FD /* Default-Landscape~ipad.png */; };
		E13DE841152021C800BC77FD /* Default-Landscape@2x~ipad.png in Resources */ = {isa = PBXBuildFile; fileRef = E13DE840152021C800BC77FD /* Default-Landscape@2x~ipad.png */; };
		E13DE843152021CD00BC77FD /* Default-Portrait@2x~ipad.png in Resources */ = {isa = PBXBuildFile; fileRef = E13DE842152021CD00BC77FD /* Default-Portrait@2x~ipad.png */; };
		E13DE84615265E6000BC77FD /* StackBackground.png in Resources */ = {isa = PBXBuildFile; fileRef = E13DE84515265E6000BC77FD /* StackBackground.png */; };
		E13DE8481526631200BC77FD /* UpStackLevelIcon.png in Resources */ = {isa = PBXBuildFile; fileRef = E13DE8471526631200BC77FD /* UpStackLevelIcon.png */; };
		E156625D145CDF1A00BD2AC1 /* UIKit.framework in Frameworks */ = {isa = PBXBuildFile; fileRef = E156625C145CDF1A00BD2AC1 /* UIKit.framework */; };
		E156625F145CDF1A00BD2AC1 /* Foundation.framework in Frameworks */ = {isa = PBXBuildFile; fileRef = E156625E145CDF1A00BD2AC1 /* Foundation.framework */; };
		E1566261145CDF1A00BD2AC1 /* CoreGraphics.framework in Frameworks */ = {isa = PBXBuildFile; fileRef = E1566260145CDF1A00BD2AC1 /* CoreGraphics.framework */; };
		E1566267145CDF1B00BD2AC1 /* InfoPlist.strings in Resources */ = {isa = PBXBuildFile; fileRef = E1566265145CDF1B00BD2AC1 /* InfoPlist.strings */; };
		E1566269145CDF1B00BD2AC1 /* main.m in Sources */ = {isa = PBXBuildFile; fileRef = E1566268145CDF1B00BD2AC1 /* main.m */; };
		E156626D145CDF1B00BD2AC1 /* AppDelegate.m in Sources */ = {isa = PBXBuildFile; fileRef = E156626C145CDF1B00BD2AC1 /* AppDelegate.m */; };
		E1566298145CDF3700BD2AC1 /* CC3Foundation.m in Sources */ = {isa = PBXBuildFile; fileRef = E1566276145CDF3700BD2AC1 /* CC3Foundation.m */; };
		E1566299145CDF3700BD2AC1 /* CC3GLMatrix.m in Sources */ = {isa = PBXBuildFile; fileRef = E1566278145CDF3700BD2AC1 /* CC3GLMatrix.m */; };
		E156629A145CDF3700BD2AC1 /* CC3Kazmath.c in Sources */ = {isa = PBXBuildFile; fileRef = E1566279145CDF3700BD2AC1 /* CC3Kazmath.c */; };
		E156629B145CDF3700BD2AC1 /* CC3Math.m in Sources */ = {isa = PBXBuildFile; fileRef = E156627D145CDF3700BD2AC1 /* CC3Math.m */; };
		E156629C145CDF3700BD2AC1 /* DrawingEngine.m in Sources */ = {isa = PBXBuildFile; fileRef = E1566280145CDF3700BD2AC1 /* DrawingEngine.m */; };
		E156629D145CDF3700BD2AC1 /* DrawingViewController.m in Sources */ = {isa = PBXBuildFile; fileRef = E1566282145CDF3700BD2AC1 /* DrawingViewController.m */; };
		E156629E145CDF3700BD2AC1 /* DrawingViewController.xib in Resources */ = {isa = PBXBuildFile; fileRef = E1566283145CDF3700BD2AC1 /* DrawingViewController.xib */; };
		E156629F145CDF3700BD2AC1 /* GLProgram.m in Sources */ = {isa = PBXBuildFile; fileRef = E1566286145CDF3700BD2AC1 /* GLProgram.m */; };
		E15662A0145CDF3700BD2AC1 /* GLView.m in Sources */ = {isa = PBXBuildFile; fileRef = E1566288145CDF3700BD2AC1 /* GLView.m */; };
		E15662A3145CDF3700BD2AC1 /* DrawingEngineTest.m in Sources */ = {isa = PBXBuildFile; fileRef = E156628E145CDF3700BD2AC1 /* DrawingEngineTest.m */; };
		E15662A4145CDF3700BD2AC1 /* Particle.png in Resources */ = {isa = PBXBuildFile; fileRef = E1566292145CDF3700BD2AC1 /* Particle.png */; };
		E15662A5145CDF3700BD2AC1 /* Brush.m in Sources */ = {isa = PBXBuildFile; fileRef = E1566294145CDF3700BD2AC1 /* Brush.m */; };
		E15662A9145CDFCC00BD2AC1 /* QuartzCore.framework in Frameworks */ = {isa = PBXBuildFile; fileRef = E15662A8145CDFCC00BD2AC1 /* QuartzCore.framework */; };
		E15662AB145CDFD200BD2AC1 /* OpenGLES.framework in Frameworks */ = {isa = PBXBuildFile; fileRef = E15662AA145CDFD200BD2AC1 /* OpenGLES.framework */; };
		E15662B2145CFD8C00BD2AC1 /* ToolbarItem.m in Sources */ = {isa = PBXBuildFile; fileRef = E15662B1145CFD8C00BD2AC1 /* ToolbarItem.m */; };
		E15662B5145D10D200BD2AC1 /* DrawingColor.m in Sources */ = {isa = PBXBuildFile; fileRef = E15662B4145D10D200BD2AC1 /* DrawingColor.m */; };
		E15662B8145D140A00BD2AC1 /* ToolSet.m in Sources */ = {isa = PBXBuildFile; fileRef = E15662B7145D140A00BD2AC1 /* ToolSet.m */; };
		E15662BB145D192900BD2AC1 /* Database.m in Sources */ = {isa = PBXBuildFile; fileRef = E15662BA145D192900BD2AC1 /* Database.m */; };
		E15662C3145D29E800BD2AC1 /* PenDrawingTool.m in Sources */ = {isa = PBXBuildFile; fileRef = E15662C2145D29E800BD2AC1 /* PenDrawingTool.m */; };
		E189DA7314679FDE00DCF58B /* Shader.fsh in Resources */ = {isa = PBXBuildFile; fileRef = E156628A145CDF3700BD2AC1 /* Shader.fsh */; };
		E189DA7414679FE600DCF58B /* Shader.vsh in Resources */ = {isa = PBXBuildFile; fileRef = E156628B145CDF3700BD2AC1 /* Shader.vsh */; };
		E189DA7714684DAA00DCF58B /* PencilDrawingTool.m in Sources */ = {isa = PBXBuildFile; fileRef = E189DA7614684DAA00DCF58B /* PencilDrawingTool.m */; };
		E189DA7A1468ED9600DCF58B /* EraserDrawingTool.m in Sources */ = {isa = PBXBuildFile; fileRef = E189DA791468ED9600DCF58B /* EraserDrawingTool.m */; };
		E189DA7D1468F4D100DCF58B /* Toolbar.m in Sources */ = {isa = PBXBuildFile; fileRef = E189DA7C1468F4D100DCF58B /* Toolbar.m */; };
		E189DA81146F0ECC00DCF58B /* Eraser_Icon.png in Resources */ = {isa = PBXBuildFile; fileRef = E189DA7F146F0ECC00DCF58B /* Eraser_Icon.png */; };
		E189DA82146F0ECC00DCF58B /* Pencil_Icon.png in Resources */ = {isa = PBXBuildFile; fileRef = E189DA80146F0ECC00DCF58B /* Pencil_Icon.png */; };
		E189DA87146F1F3F00DCF58B /* Color_Black_Icon.png in Resources */ = {isa = PBXBuildFile; fileRef = E189DA83146F1F3F00DCF58B /* Color_Black_Icon.png */; };
		E189DA88146F1F3F00DCF58B /* Color_Blue_Icon.png in Resources */ = {isa = PBXBuildFile; fileRef = E189DA84146F1F3F00DCF58B /* Color_Blue_Icon.png */; };
		E189DA89146F1F3F00DCF58B /* Color_Green_Icon.png in Resources */ = {isa = PBXBuildFile; fileRef = E189DA85146F1F3F00DCF58B /* Color_Green_Icon.png */; };
		E189DA8A146F1F3F00DCF58B /* Color_Red_Icon.png in Resources */ = {isa = PBXBuildFile; fileRef = E189DA86146F1F3F00DCF58B /* Color_Red_Icon.png */; };
		E189DA8C146F67D800DCF58B /* Circle.png in Resources */ = {isa = PBXBuildFile; fileRef = E189DA8B146F67D800DCF58B /* Circle.png */; };
		E189DA8E146F789D00DCF58B /* Small_Particle.png in Resources */ = {isa = PBXBuildFile; fileRef = E189DA8D146F789D00DCF58B /* Small_Particle.png */; };
		E189DA90146F7A3000DCF58B /* Calligraphy.png in Resources */ = {isa = PBXBuildFile; fileRef = E189DA8F146F7A2F00DCF58B /* Calligraphy.png */; };
		E189DA92146F7CB700DCF58B /* Color_Yellow_Icon.png in Resources */ = {isa = PBXBuildFile; fileRef = E189DA91146F7CB700DCF58B /* Color_Yellow_Icon.png */; };
		E189DA96146F898F00DCF58B /* Calligraphy_Icon.png in Resources */ = {isa = PBXBuildFile; fileRef = E189DA93146F898F00DCF58B /* Calligraphy_Icon.png */; };
		E189DA97146F898F00DCF58B /* Circle_Icon.png in Resources */ = {isa = PBXBuildFile; fileRef = E189DA94146F898F00DCF58B /* Circle_Icon.png */; };
		E189DA98146F898F00DCF58B /* Small_Particle_Icon.png in Resources */ = {isa = PBXBuildFile; fileRef = E189DA95146F898F00DCF58B /* Small_Particle_Icon.png */; };
		E189DA9A147066DB00DCF58B /* Pen_Icon.png in Resources */ = {isa = PBXBuildFile; fileRef = E189DA99147066DB00DCF58B /* Pen_Icon.png */; };
		E189DA9C14706F1C00DCF58B /* Quick_Switch_Icon.png in Resources */ = {isa = PBXBuildFile; fileRef = E189DA9B14706F1C00DCF58B /* Quick_Switch_Icon.png */; };
		E189DA9E147072DC00DCF58B /* New_Drawing_Icon.png in Resources */ = {isa = PBXBuildFile; fileRef = E189DA9D147072DC00DCF58B /* New_Drawing_Icon.png */; };
		E189DAA0147083D100DCF58B /* Help_Icon.png in Resources */ = {isa = PBXBuildFile; fileRef = E189DA9F147083D100DCF58B /* Help_Icon.png */; };
		E189DAAA1470E1BC00DCF58B /* Tutorial_LandscapeLeft.png in Resources */ = {isa = PBXBuildFile; fileRef = E189DAA61470E1BC00DCF58B /* Tutorial_LandscapeLeft.png */; };
		E189DAAB1470E1BC00DCF58B /* Tutorial_LandscapeRight.png in Resources */ = {isa = PBXBuildFile; fileRef = E189DAA71470E1BC00DCF58B /* Tutorial_LandscapeRight.png */; };
		E189DAAC1470E1BC00DCF58B /* Tutorial_Portrait.png in Resources */ = {isa = PBXBuildFile; fileRef = E189DAA81470E1BC00DCF58B /* Tutorial_Portrait.png */; };
		E189DAAD1470E1BC00DCF58B /* Tutorial_PortraitUpsideDown.png in Resources */ = {isa = PBXBuildFile; fileRef = E189DAA91470E1BC00DCF58B /* Tutorial_PortraitUpsideDown.png */; };
		E189DAB0147169C700DCF58B /* TutorialOverlay.m in Sources */ = {isa = PBXBuildFile; fileRef = E189DAAF147169C700DCF58B /* TutorialOverlay.m */; };
		E1D3E7FA151E3ED700228E1C /* PositioningHelper.m in Sources */ = {isa = PBXBuildFile; fileRef = E1D3E7F9151E3ED700228E1C /* PositioningHelper.m */; };
		E1D3E7FE151F85D100228E1C /* UIImage+Resize.m in Sources */ = {isa = PBXBuildFile; fileRef = E1D3E7FD151F85D100228E1C /* UIImage+Resize.m */; };
		E1D3E801151F865600228E1C /* UIImage+RoundedCorner.m in Sources */ = {isa = PBXBuildFile; fileRef = E1D3E800151F865600228E1C /* UIImage+RoundedCorner.m */; };
		E1D3E804151F86A100228E1C /* UIImage+Alpha.m in Sources */ = {isa = PBXBuildFile; fileRef = E1D3E803151F86A100228E1C /* UIImage+Alpha.m */; };
		E1D5F6ED150D8BDB00280FBC /* GalleryViewController.m in Sources */ = {isa = PBXBuildFile; fileRef = E1D5F6EB150D8BDB00280FBC /* GalleryViewController.m */; };
		E1D5F6EE150D8BDB00280FBC /* GalleryViewController.xib in Resources */ = {isa = PBXBuildFile; fileRef = E1D5F6EC150D8BDB00280FBC /* GalleryViewController.xib */; };
		E1D5F6F1150D8C2300280FBC /* GalleryView.m in Sources */ = {isa = PBXBuildFile; fileRef = E1D5F6F0150D8C2300280FBC /* GalleryView.m */; };
		E1D5F6F4150D8DDB00280FBC /* GalleryToolbar.m in Sources */ = {isa = PBXBuildFile; fileRef = E1D5F6F3150D8DDB00280FBC /* GalleryToolbar.m */; };
		E1D5F6F8150D8E3F00280FBC /* Stack.m in Sources */ = {isa = PBXBuildFile; fileRef = E1D5F6F7150D8E3F00280FBC /* Stack.m */; };
		E1D5F6FB150D8E5300280FBC /* Drawing.m in Sources */ = {isa = PBXBuildFile; fileRef = E1D5F6FA150D8E5300280FBC /* Drawing.m */; };
/* End PBXBuildFile section */

/* Begin PBXFileReference section */
		E13DE83515201AB900BC77FD /* Gallery_Icon.png */ = {isa = PBXFileReference; lastKnownFileType = image.png; path = Gallery_Icon.png; sourceTree = "<group>"; };
		E13DE83815201D2500BC77FD /* iPad Icon.png */ = {isa = PBXFileReference; lastKnownFileType = image.png; path = "iPad Icon.png"; sourceTree = "<group>"; };
		E13DE83A15201D2B00BC77FD /* Retina iPad Icon.png */ = {isa = PBXFileReference; lastKnownFileType = image.png; path = "Retina iPad Icon.png"; sourceTree = "<group>"; };
		E13DE83C152021BF00BC77FD /* Default-Portrait~ipad.png */ = {isa = PBXFileReference; lastKnownFileType = image.png; path = "Default-Portrait~ipad.png"; sourceTree = "<group>"; };
		E13DE83E152021C300BC77FD /* Default-Landscape~ipad.png */ = {isa = PBXFileReference; lastKnownFileType = image.png; path = "Default-Landscape~ipad.png"; sourceTree = "<group>"; };
		E13DE840152021C800BC77FD /* Default-Landscape@2x~ipad.png */ = {isa = PBXFileReference; lastKnownFileType = image.png; path = "Default-Landscape@2x~ipad.png"; sourceTree = "<group>"; };
		E13DE842152021CD00BC77FD /* Default-Portrait@2x~ipad.png */ = {isa = PBXFileReference; lastKnownFileType = image.png; path = "Default-Portrait@2x~ipad.png"; sourceTree = "<group>"; };
		E13DE84515265E6000BC77FD /* StackBackground.png */ = {isa = PBXFileReference; lastKnownFileType = image.png; path = StackBackground.png; sourceTree = "<group>"; };
		E13DE8471526631200BC77FD /* UpStackLevelIcon.png */ = {isa = PBXFileReference; lastKnownFileType = image.png; path = UpStackLevelIcon.png; sourceTree = "<group>"; };
		E1566258145CDF1A00BD2AC1 /* IdeaStorm.app */ = {isa = PBXFileReference; explicitFileType = wrapper.application; includeInIndex = 0; path = IdeaStorm.app; sourceTree = BUILT_PRODUCTS_DIR; };
		E156625C145CDF1A00BD2AC1 /* UIKit.framework */ = {isa = PBXFileReference; lastKnownFileType = wrapper.framework; name = UIKit.framework; path = System/Library/Frameworks/UIKit.framework; sourceTree = SDKROOT; };
		E156625E145CDF1A00BD2AC1 /* Foundation.framework */ = {isa = PBXFileReference; lastKnownFileType = wrapper.framework; name = Foundation.framework; path = System/Library/Frameworks/Foundation.framework; sourceTree = SDKROOT; };
		E1566260145CDF1A00BD2AC1 /* CoreGraphics.framework */ = {isa = PBXFileReference; lastKnownFileType = wrapper.framework; name = CoreGraphics.framework; path = System/Library/Frameworks/CoreGraphics.framework; sourceTree = SDKROOT; };
		E1566264145CDF1B00BD2AC1 /* IdeaStorm-Info.plist */ = {isa = PBXFileReference; lastKnownFileType = text.plist.xml; path = "IdeaStorm-Info.plist"; sourceTree = "<group>"; };
		E1566266145CDF1B00BD2AC1 /* en */ = {isa = PBXFileReference; lastKnownFileType = text.plist.strings; name = en; path = en.lproj/InfoPlist.strings; sourceTree = "<group>"; };
		E1566268145CDF1B00BD2AC1 /* main.m */ = {isa = PBXFileReference; lastKnownFileType = sourcecode.c.objc; path = main.m; sourceTree = "<group>"; };
		E156626A145CDF1B00BD2AC1 /* IdeaStorm-Prefix.pch */ = {isa = PBXFileReference; lastKnownFileType = sourcecode.c.h; path = "IdeaStorm-Prefix.pch"; sourceTree = "<group>"; };
		E156626B145CDF1B00BD2AC1 /* AppDelegate.h */ = {isa = PBXFileReference; lastKnownFileType = sourcecode.c.h; path = AppDelegate.h; sourceTree = "<group>"; };
		E156626C145CDF1B00BD2AC1 /* AppDelegate.m */ = {isa = PBXFileReference; lastKnownFileType = sourcecode.c.objc; path = AppDelegate.m; sourceTree = "<group>"; };
		E1566275145CDF3700BD2AC1 /* CC3Foundation.h */ = {isa = PBXFileReference; fileEncoding = 4; lastKnownFileType = sourcecode.c.h; path = CC3Foundation.h; sourceTree = "<group>"; };
		E1566276145CDF3700BD2AC1 /* CC3Foundation.m */ = {isa = PBXFileReference; fileEncoding = 4; lastKnownFileType = sourcecode.c.objc; path = CC3Foundation.m; sourceTree = "<group>"; };
		E1566277145CDF3700BD2AC1 /* CC3GLMatrix.h */ = {isa = PBXFileReference; fileEncoding = 4; lastKnownFileType = sourcecode.c.h; path = CC3GLMatrix.h; sourceTree = "<group>"; };
		E1566278145CDF3700BD2AC1 /* CC3GLMatrix.m */ = {isa = PBXFileReference; fileEncoding = 4; lastKnownFileType = sourcecode.c.objc; path = CC3GLMatrix.m; sourceTree = "<group>"; };
		E1566279145CDF3700BD2AC1 /* CC3Kazmath.c */ = {isa = PBXFileReference; fileEncoding = 4; lastKnownFileType = sourcecode.c.c; path = CC3Kazmath.c; sourceTree = "<group>"; };
		E156627A145CDF3700BD2AC1 /* CC3Kazmath.h */ = {isa = PBXFileReference; fileEncoding = 4; lastKnownFileType = sourcecode.c.h; path = CC3Kazmath.h; sourceTree = "<group>"; };
		E156627B145CDF3700BD2AC1 /* CC3Logging.h */ = {isa = PBXFileReference; fileEncoding = 4; lastKnownFileType = sourcecode.c.h; path = CC3Logging.h; sourceTree = "<group>"; };
		E156627C145CDF3700BD2AC1 /* CC3Math.h */ = {isa = PBXFileReference; fileEncoding = 4; lastKnownFileType = sourcecode.c.h; path = CC3Math.h; sourceTree = "<group>"; };
		E156627D145CDF3700BD2AC1 /* CC3Math.m */ = {isa = PBXFileReference; fileEncoding = 4; lastKnownFileType = sourcecode.c.objc; path = CC3Math.m; sourceTree = "<group>"; };
		E156627E145CDF3700BD2AC1 /* ccTypes.h */ = {isa = PBXFileReference; fileEncoding = 4; lastKnownFileType = sourcecode.c.h; path = ccTypes.h; sourceTree = "<group>"; };
		E156627F145CDF3700BD2AC1 /* DrawingEngine.h */ = {isa = PBXFileReference; fileEncoding = 4; lastKnownFileType = sourcecode.c.h; path = DrawingEngine.h; sourceTree = "<group>"; };
		E1566280145CDF3700BD2AC1 /* DrawingEngine.m */ = {isa = PBXFileReference; fileEncoding = 4; lastKnownFileType = sourcecode.c.objc; path = DrawingEngine.m; sourceTree = "<group>"; };
		E1566281145CDF3700BD2AC1 /* DrawingViewController.h */ = {isa = PBXFileReference; fileEncoding = 4; lastKnownFileType = sourcecode.c.h; path = DrawingViewController.h; sourceTree = "<group>"; };
		E1566282145CDF3700BD2AC1 /* DrawingViewController.m */ = {isa = PBXFileReference; fileEncoding = 4; lastKnownFileType = sourcecode.c.objc; path = DrawingViewController.m; sourceTree = "<group>"; };
		E1566283145CDF3700BD2AC1 /* DrawingViewController.xib */ = {isa = PBXFileReference; fileEncoding = 4; lastKnownFileType = file.xib; path = DrawingViewController.xib; sourceTree = "<group>"; };
		E1566285145CDF3700BD2AC1 /* GLProgram.h */ = {isa = PBXFileReference; fileEncoding = 4; lastKnownFileType = sourcecode.c.h; path = GLProgram.h; sourceTree = "<group>"; };
		E1566286145CDF3700BD2AC1 /* GLProgram.m */ = {isa = PBXFileReference; fileEncoding = 4; lastKnownFileType = sourcecode.c.objc; path = GLProgram.m; sourceTree = "<group>"; };
		E1566287145CDF3700BD2AC1 /* GLView.h */ = {isa = PBXFileReference; fileEncoding = 4; lastKnownFileType = sourcecode.c.h; path = GLView.h; sourceTree = "<group>"; };
		E1566288145CDF3700BD2AC1 /* GLView.m */ = {isa = PBXFileReference; fileEncoding = 4; lastKnownFileType = sourcecode.c.objc; path = GLView.m; sourceTree = "<group>"; };
		E156628A145CDF3700BD2AC1 /* Shader.fsh */ = {isa = PBXFileReference; fileEncoding = 4; lastKnownFileType = sourcecode.glsl; path = Shader.fsh; sourceTree = "<group>"; };
		E156628B145CDF3700BD2AC1 /* Shader.vsh */ = {isa = PBXFileReference; fileEncoding = 4; lastKnownFileType = sourcecode.glsl; path = Shader.vsh; sourceTree = "<group>"; };
		E156628D145CDF3700BD2AC1 /* DrawingEngineTest.h */ = {isa = PBXFileReference; fileEncoding = 4; lastKnownFileType = sourcecode.c.h; path = DrawingEngineTest.h; sourceTree = "<group>"; };
		E156628E145CDF3700BD2AC1 /* DrawingEngineTest.m */ = {isa = PBXFileReference; fileEncoding = 4; lastKnownFileType = sourcecode.c.objc; path = DrawingEngineTest.m; sourceTree = "<group>"; };
		E1566292145CDF3700BD2AC1 /* Particle.png */ = {isa = PBXFileReference; lastKnownFileType = image.png; path = Particle.png; sourceTree = "<group>"; };
		E1566293145CDF3700BD2AC1 /* Brush.h */ = {isa = PBXFileReference; fileEncoding = 4; lastKnownFileType = sourcecode.c.h; path = Brush.h; sourceTree = "<group>"; };
		E1566294145CDF3700BD2AC1 /* Brush.m */ = {isa = PBXFileReference; fileEncoding = 4; lastKnownFileType = sourcecode.c.objc; path = Brush.m; sourceTree = "<group>"; };
		E15662A8145CDFCC00BD2AC1 /* QuartzCore.framework */ = {isa = PBXFileReference; lastKnownFileType = wrapper.framework; name = QuartzCore.framework; path = System/Library/Frameworks/QuartzCore.framework; sourceTree = SDKROOT; };
		E15662AA145CDFD200BD2AC1 /* OpenGLES.framework */ = {isa = PBXFileReference; lastKnownFileType = wrapper.framework; name = OpenGLES.framework; path = System/Library/Frameworks/OpenGLES.framework; sourceTree = SDKROOT; };
		E15662B0145CFD8C00BD2AC1 /* ToolbarItem.h */ = {isa = PBXFileReference; fileEncoding = 4; lastKnownFileType = sourcecode.c.h; path = ToolbarItem.h; sourceTree = "<group>"; };
		E15662B1145CFD8C00BD2AC1 /* ToolbarItem.m */ = {isa = PBXFileReference; fileEncoding = 4; lastKnownFileType = sourcecode.c.objc; path = ToolbarItem.m; sourceTree = "<group>"; };
		E15662B3145D10D200BD2AC1 /* DrawingColor.h */ = {isa = PBXFileReference; fileEncoding = 4; lastKnownFileType = sourcecode.c.h; path = DrawingColor.h; sourceTree = "<group>"; };
		E15662B4145D10D200BD2AC1 /* DrawingColor.m */ = {isa = PBXFileReference; fileEncoding = 4; lastKnownFileType = sourcecode.c.objc; path = DrawingColor.m; sourceTree = "<group>"; };
		E15662B6145D140A00BD2AC1 /* ToolSet.h */ = {isa = PBXFileReference; fileEncoding = 4; lastKnownFileType = sourcecode.c.h; path = ToolSet.h; sourceTree = "<group>"; };
		E15662B7145D140A00BD2AC1 /* ToolSet.m */ = {isa = PBXFileReference; fileEncoding = 4; lastKnownFileType = sourcecode.c.objc; path = ToolSet.m; sourceTree = "<group>"; };
		E15662B9145D192900BD2AC1 /* Database.h */ = {isa = PBXFileReference; fileEncoding = 4; lastKnownFileType = sourcecode.c.h; path = Database.h; sourceTree = "<group>"; };
		E15662BA145D192900BD2AC1 /* Database.m */ = {isa = PBXFileReference; fileEncoding = 4; lastKnownFileType = sourcecode.c.objc; path = Database.m; sourceTree = "<group>"; };
		E15662C0145D275C00BD2AC1 /* DrawingTool.h */ = {isa = PBXFileReference; fileEncoding = 4; lastKnownFileType = sourcecode.c.h; path = DrawingTool.h; sourceTree = "<group>"; };
		E15662C1145D29E800BD2AC1 /* PenDrawingTool.h */ = {isa = PBXFileReference; fileEncoding = 4; lastKnownFileType = sourcecode.c.h; path = PenDrawingTool.h; sourceTree = "<group>"; };
		E15662C2145D29E800BD2AC1 /* PenDrawingTool.m */ = {isa = PBXFileReference; fileEncoding = 4; lastKnownFileType = sourcecode.c.objc; path = PenDrawingTool.m; sourceTree = "<group>"; };
		E17D0FEF15181CBE001976C9 /* GalleryViewDelegate.h */ = {isa = PBXFileReference; lastKnownFileType = sourcecode.c.h; path = GalleryViewDelegate.h; sourceTree = "<group>"; };
		E189DA7514684DAA00DCF58B /* PencilDrawingTool.h */ = {isa = PBXFileReference; fileEncoding = 4; lastKnownFileType = sourcecode.c.h; path = PencilDrawingTool.h; sourceTree = "<group>"; };
		E189DA7614684DAA00DCF58B /* PencilDrawingTool.m */ = {isa = PBXFileReference; fileEncoding = 4; lastKnownFileType = sourcecode.c.objc; path = PencilDrawingTool.m; sourceTree = "<group>"; };
		E189DA781468ED9600DCF58B /* EraserDrawingTool.h */ = {isa = PBXFileReference; fileEncoding = 4; lastKnownFileType = sourcecode.c.h; path = EraserDrawingTool.h; sourceTree = "<group>"; };
		E189DA791468ED9600DCF58B /* EraserDrawingTool.m */ = {isa = PBXFileReference; fileEncoding = 4; lastKnownFileType = sourcecode.c.objc; path = EraserDrawingTool.m; sourceTree = "<group>"; };
		E189DA7B1468F4D100DCF58B /* Toolbar.h */ = {isa = PBXFileReference; fileEncoding = 4; lastKnownFileType = sourcecode.c.h; path = Toolbar.h; sourceTree = "<group>"; };
		E189DA7C1468F4D100DCF58B /* Toolbar.m */ = {isa = PBXFileReference; fileEncoding = 4; lastKnownFileType = sourcecode.c.objc; path = Toolbar.m; sourceTree = "<group>"; };
		E189DA7F146F0ECC00DCF58B /* Eraser_Icon.png */ = {isa = PBXFileReference; lastKnownFileType = image.png; path = Eraser_Icon.png; sourceTree = "<group>"; };
		E189DA80146F0ECC00DCF58B /* Pencil_Icon.png */ = {isa = PBXFileReference; lastKnownFileType = image.png; path = Pencil_Icon.png; sourceTree = "<group>"; };
		E189DA83146F1F3F00DCF58B /* Color_Black_Icon.png */ = {isa = PBXFileReference; lastKnownFileType = image.png; path = Color_Black_Icon.png; sourceTree = "<group>"; };
		E189DA84146F1F3F00DCF58B /* Color_Blue_Icon.png */ = {isa = PBXFileReference; lastKnownFileType = image.png; path = Color_Blue_Icon.png; sourceTree = "<group>"; };
		E189DA85146F1F3F00DCF58B /* Color_Green_Icon.png */ = {isa = PBXFileReference; lastKnownFileType = image.png; path = Color_Green_Icon.png; sourceTree = "<group>"; };
		E189DA86146F1F3F00DCF58B /* Color_Red_Icon.png */ = {isa = PBXFileReference; lastKnownFileType = image.png; path = Color_Red_Icon.png; sourceTree = "<group>"; };
		E189DA8B146F67D800DCF58B /* Circle.png */ = {isa = PBXFileReference; lastKnownFileType = image.png; path = Circle.png; sourceTree = "<group>"; };
		E189DA8D146F789D00DCF58B /* Small_Particle.png */ = {isa = PBXFileReference; lastKnownFileType = image.png; path = Small_Particle.png; sourceTree = "<group>"; };
		E189DA8F146F7A2F00DCF58B /* Calligraphy.png */ = {isa = PBXFileReference; lastKnownFileType = image.png; path = Calligraphy.png; sourceTree = "<group>"; };
		E189DA91146F7CB700DCF58B /* Color_Yellow_Icon.png */ = {isa = PBXFileReference; lastKnownFileType = image.png; path = Color_Yellow_Icon.png; sourceTree = "<group>"; };
		E189DA93146F898F00DCF58B /* Calligraphy_Icon.png */ = {isa = PBXFileReference; lastKnownFileType = image.png; path = Calligraphy_Icon.png; sourceTree = "<group>"; };
		E189DA94146F898F00DCF58B /* Circle_Icon.png */ = {isa = PBXFileReference; lastKnownFileType = image.png; path = Circle_Icon.png; sourceTree = "<group>"; };
		E189DA95146F898F00DCF58B /* Small_Particle_Icon.png */ = {isa = PBXFileReference; lastKnownFileType = image.png; path = Small_Particle_Icon.png; sourceTree = "<group>"; };
		E189DA99147066DB00DCF58B /* Pen_Icon.png */ = {isa = PBXFileReference; lastKnownFileType = image.png; path = Pen_Icon.png; sourceTree = "<group>"; };
		E189DA9B14706F1C00DCF58B /* Quick_Switch_Icon.png */ = {isa = PBXFileReference; lastKnownFileType = image.png; path = Quick_Switch_Icon.png; sourceTree = "<group>"; };
		E189DA9D147072DC00DCF58B /* New_Drawing_Icon.png */ = {isa = PBXFileReference; lastKnownFileType = image.png; path = New_Drawing_Icon.png; sourceTree = "<group>"; };
		E189DA9F147083D100DCF58B /* Help_Icon.png */ = {isa = PBXFileReference; lastKnownFileType = image.png; path = Help_Icon.png; sourceTree = "<group>"; };
		E189DAA61470E1BC00DCF58B /* Tutorial_LandscapeLeft.png */ = {isa = PBXFileReference; lastKnownFileType = image.png; path = Tutorial_LandscapeLeft.png; sourceTree = "<group>"; };
		E189DAA71470E1BC00DCF58B /* Tutorial_LandscapeRight.png */ = {isa = PBXFileReference; lastKnownFileType = image.png; path = Tutorial_LandscapeRight.png; sourceTree = "<group>"; };
		E189DAA81470E1BC00DCF58B /* Tutorial_Portrait.png */ = {isa = PBXFileReference; lastKnownFileType = image.png; path = Tutorial_Portrait.png; sourceTree = "<group>"; };
		E189DAA91470E1BC00DCF58B /* Tutorial_PortraitUpsideDown.png */ = {isa = PBXFileReference; lastKnownFileType = image.png; path = Tutorial_PortraitUpsideDown.png; sourceTree = "<group>"; };
		E189DAAE147169C700DCF58B /* TutorialOverlay.h */ = {isa = PBXFileReference; fileEncoding = 4; lastKnownFileType = sourcecode.c.h; path = TutorialOverlay.h; sourceTree = "<group>"; };
		E189DAAF147169C700DCF58B /* TutorialOverlay.m */ = {isa = PBXFileReference; fileEncoding = 4; lastKnownFileType = sourcecode.c.objc; path = TutorialOverlay.m; sourceTree = "<group>"; };
		E1D3E7F8151E3ED700228E1C /* PositioningHelper.h */ = {isa = PBXFileReference; fileEncoding = 4; lastKnownFileType = sourcecode.c.h; path = PositioningHelper.h; sourceTree = "<group>"; };
		E1D3E7F9151E3ED700228E1C /* PositioningHelper.m */ = {isa = PBXFileReference; fileEncoding = 4; lastKnownFileType = sourcecode.c.objc; path = PositioningHelper.m; sourceTree = "<group>"; };
		E1D3E7FC151F85D100228E1C /* UIImage+Resize.h */ = {isa = PBXFileReference; fileEncoding = 4; lastKnownFileType = sourcecode.c.h; path = "UIImage+Resize.h"; sourceTree = "<group>"; };
		E1D3E7FD151F85D100228E1C /* UIImage+Resize.m */ = {isa = PBXFileReference; fileEncoding = 4; lastKnownFileType = sourcecode.c.objc; path = "UIImage+Resize.m"; sourceTree = "<group>"; };
		E1D3E7FF151F865600228E1C /* UIImage+RoundedCorner.h */ = {isa = PBXFileReference; fileEncoding = 4; lastKnownFileType = sourcecode.c.h; path = "UIImage+RoundedCorner.h"; sourceTree = "<group>"; };
		E1D3E800151F865600228E1C /* UIImage+RoundedCorner.m */ = {isa = PBXFileReference; fileEncoding = 4; lastKnownFileType = sourcecode.c.objc; path = "UIImage+RoundedCorner.m"; sourceTree = "<group>"; };
		E1D3E802151F86A000228E1C /* UIImage+Alpha.h */ = {isa = PBXFileReference; fileEncoding = 4; lastKnownFileType = sourcecode.c.h; path = "UIImage+Alpha.h"; sourceTree = "<group>"; };
		E1D3E803151F86A100228E1C /* UIImage+Alpha.m */ = {isa = PBXFileReference; fileEncoding = 4; lastKnownFileType = sourcecode.c.objc; path = "UIImage+Alpha.m"; sourceTree = "<group>"; };
		E1D5F6EA150D8BDB00280FBC /* GalleryViewController.h */ = {isa = PBXFileReference; fileEncoding = 4; lastKnownFileType = sourcecode.c.h; path = GalleryViewController.h; sourceTree = "<group>"; };
		E1D5F6EB150D8BDB00280FBC /* GalleryViewController.m */ = {isa = PBXFileReference; fileEncoding = 4; lastKnownFileType = sourcecode.c.objc; path = GalleryViewController.m; sourceTree = "<group>"; };
		E1D5F6EC150D8BDB00280FBC /* GalleryViewController.xib */ = {isa = PBXFileReference; fileEncoding = 4; lastKnownFileType = file.xib; path = GalleryViewController.xib; sourceTree = "<group>"; };
		E1D5F6EF150D8C2300280FBC /* GalleryView.h */ = {isa = PBXFileReference; fileEncoding = 4; lastKnownFileType = sourcecode.c.h; path = GalleryView.h; sourceTree = "<group>"; };
		E1D5F6F0150D8C2300280FBC /* GalleryView.m */ = {isa = PBXFileReference; fileEncoding = 4; lastKnownFileType = sourcecode.c.objc; path = GalleryView.m; sourceTree = "<group>"; };
		E1D5F6F2150D8DDB00280FBC /* GalleryToolbar.h */ = {isa = PBXFileReference; fileEncoding = 4; lastKnownFileType = sourcecode.c.h; path = GalleryToolbar.h; sourceTree = "<group>"; };
		E1D5F6F3150D8DDB00280FBC /* GalleryToolbar.m */ = {isa = PBXFileReference; fileEncoding = 4; lastKnownFileType = sourcecode.c.objc; path = GalleryToolbar.m; sourceTree = "<group>"; };
		E1D5F6F5150D8E1800280FBC /* GalleryItem.h */ = {isa = PBXFileReference; fileEncoding = 4; lastKnownFileType = sourcecode.c.h; path = GalleryItem.h; sourceTree = "<group>"; };
		E1D5F6F6150D8E3F00280FBC /* Stack.h */ = {isa = PBXFileReference; fileEncoding = 4; lastKnownFileType = sourcecode.c.h; path = Stack.h; sourceTree = "<group>"; };
		E1D5F6F7150D8E3F00280FBC /* Stack.m */ = {isa = PBXFileReference; fileEncoding = 4; lastKnownFileType = sourcecode.c.objc; path = Stack.m; sourceTree = "<group>"; };
		E1D5F6F9150D8E5300280FBC /* Drawing.h */ = {isa = PBXFileReference; fileEncoding = 4; lastKnownFileType = sourcecode.c.h; path = Drawing.h; sourceTree = "<group>"; };
		E1D5F6FA150D8E5300280FBC /* Drawing.m */ = {isa = PBXFileReference; fileEncoding = 4; lastKnownFileType = sourcecode.c.objc; path = Drawing.m; sourceTree = "<group>"; };
		E1E2D6701518AEC500F8CE42 /* GalleryToolbarDelegate.h */ = {isa = PBXFileReference; lastKnownFileType = sourcecode.c.h; path = GalleryToolbarDelegate.h; sourceTree = "<group>"; };
/* End PBXFileReference section */

/* Begin PBXFrameworksBuildPhase section */
		E1566255145CDF1A00BD2AC1 /* Frameworks */ = {
			isa = PBXFrameworksBuildPhase;
			buildActionMask = 2147483647;
			files = (
				E15662AB145CDFD200BD2AC1 /* OpenGLES.framework in Frameworks */,
				E15662A9145CDFCC00BD2AC1 /* QuartzCore.framework in Frameworks */,
				E156625D145CDF1A00BD2AC1 /* UIKit.framework in Frameworks */,
				E156625F145CDF1A00BD2AC1 /* Foundation.framework in Frameworks */,
				E1566261145CDF1A00BD2AC1 /* CoreGraphics.framework in Frameworks */,
			);
			runOnlyForDeploymentPostprocessing = 0;
		};
/* End PBXFrameworksBuildPhase section */

/* Begin PBXGroup section */
		E13DE84415265E6000BC77FD /* Icons */ = {
			isa = PBXGroup;
			children = (
				E13DE8471526631200BC77FD /* UpStackLevelIcon.png */,
				E13DE84515265E6000BC77FD /* StackBackground.png */,
			);
			path = Icons;
			sourceTree = "<group>";
		};
		E156624D145CDF1A00BD2AC1 = {
			isa = PBXGroup;
			children = (
				E13DE842152021CD00BC77FD /* Default-Portrait@2x~ipad.png */,
				E13DE840152021C800BC77FD /* Default-Landscape@2x~ipad.png */,
				E13DE83E152021C300BC77FD /* Default-Landscape~ipad.png */,
				E13DE83C152021BF00BC77FD /* Default-Portrait~ipad.png */,
				E13DE83A15201D2B00BC77FD /* Retina iPad Icon.png */,
				E13DE83815201D2500BC77FD /* iPad Icon.png */,
				E15662AA145CDFD200BD2AC1 /* OpenGLES.framework */,
				E15662A8145CDFCC00BD2AC1 /* QuartzCore.framework */,
				E1566262145CDF1A00BD2AC1 /* IdeaStorm */,
				E156625B145CDF1A00BD2AC1 /* Frameworks */,
				E1566259145CDF1A00BD2AC1 /* Products */,
			);
			sourceTree = "<group>";
		};
		E1566259145CDF1A00BD2AC1 /* Products */ = {
			isa = PBXGroup;
			children = (
				E1566258145CDF1A00BD2AC1 /* IdeaStorm.app */,
			);
			name = Products;
			sourceTree = "<group>";
		};
		E156625B145CDF1A00BD2AC1 /* Frameworks */ = {
			isa = PBXGroup;
			children = (
				E156625C145CDF1A00BD2AC1 /* UIKit.framework */,
				E156625E145CDF1A00BD2AC1 /* Foundation.framework */,
				E1566260145CDF1A00BD2AC1 /* CoreGraphics.framework */,
			);
			name = Frameworks;
			sourceTree = "<group>";
		};
		E1566262145CDF1A00BD2AC1 /* IdeaStorm */ = {
			isa = PBXGroup;
			children = (
				E1D5F6E7150D8A9C00280FBC /* Gallery */,
				E15662A7145CDF9B00BD2AC1 /* Shared */,
				E1566273145CDF3700BD2AC1 /* Drawing Engine */,
				E156626B145CDF1B00BD2AC1 /* AppDelegate.h */,
				E156626C145CDF1B00BD2AC1 /* AppDelegate.m */,
				E1566263145CDF1B00BD2AC1 /* Supporting Files */,
			);
			path = IdeaStorm;
			sourceTree = "<group>";
		};
		E1566263145CDF1B00BD2AC1 /* Supporting Files */ = {
			isa = PBXGroup;
			children = (
				E1566264145CDF1B00BD2AC1 /* IdeaStorm-Info.plist */,
				E1566265145CDF1B00BD2AC1 /* InfoPlist.strings */,
				E1566268145CDF1B00BD2AC1 /* main.m */,
				E156626A145CDF1B00BD2AC1 /* IdeaStorm-Prefix.pch */,
			);
			name = "Supporting Files";
			sourceTree = "<group>";
		};
		E1566273145CDF3700BD2AC1 /* Drawing Engine */ = {
			isa = PBXGroup;
			children = (
				E156628C145CDF3700BD2AC1 /* Test */,
				E1566284145CDF3700BD2AC1 /* GLProgram */,
				E1566274145CDF3700BD2AC1 /* Cocos3DMathLib */,
				E1566289145CDF3700BD2AC1 /* Shaders */,
				E156628F145CDF3700BD2AC1 /* Toolbar */,
				E156627F145CDF3700BD2AC1 /* DrawingEngine.h */,
				E1566280145CDF3700BD2AC1 /* DrawingEngine.m */,
				E1566281145CDF3700BD2AC1 /* DrawingViewController.h */,
				E1566282145CDF3700BD2AC1 /* DrawingViewController.m */,
				E1566283145CDF3700BD2AC1 /* DrawingViewController.xib */,
				E1566287145CDF3700BD2AC1 /* GLView.h */,
				E1566288145CDF3700BD2AC1 /* GLView.m */,
			);
			path = "Drawing Engine";
			sourceTree = "<group>";
		};
		E1566274145CDF3700BD2AC1 /* Cocos3DMathLib */ = {
			isa = PBXGroup;
			children = (
				E1566275145CDF3700BD2AC1 /* CC3Foundation.h */,
				E1566276145CDF3700BD2AC1 /* CC3Foundation.m */,
				E1566277145CDF3700BD2AC1 /* CC3GLMatrix.h */,
				E1566278145CDF3700BD2AC1 /* CC3GLMatrix.m */,
				E1566279145CDF3700BD2AC1 /* CC3Kazmath.c */,
				E156627A145CDF3700BD2AC1 /* CC3Kazmath.h */,
				E156627B145CDF3700BD2AC1 /* CC3Logging.h */,
				E156627C145CDF3700BD2AC1 /* CC3Math.h */,
				E156627D145CDF3700BD2AC1 /* CC3Math.m */,
				E156627E145CDF3700BD2AC1 /* ccTypes.h */,
			);
			path = Cocos3DMathLib;
			sourceTree = "<group>";
		};
		E1566284145CDF3700BD2AC1 /* GLProgram */ = {
			isa = PBXGroup;
			children = (
				E1566285145CDF3700BD2AC1 /* GLProgram.h */,
				E1566286145CDF3700BD2AC1 /* GLProgram.m */,
			);
			path = GLProgram;
			sourceTree = "<group>";
		};
		E1566289145CDF3700BD2AC1 /* Shaders */ = {
			isa = PBXGroup;
			children = (
				E156628A145CDF3700BD2AC1 /* Shader.fsh */,
				E156628B145CDF3700BD2AC1 /* Shader.vsh */,
			);
			path = Shaders;
			sourceTree = "<group>";
		};
		E156628C145CDF3700BD2AC1 /* Test */ = {
			isa = PBXGroup;
			children = (
				E156628D145CDF3700BD2AC1 /* DrawingEngineTest.h */,
				E156628E145CDF3700BD2AC1 /* DrawingEngineTest.m */,
			);
			path = Test;
			sourceTree = "<group>";
		};
		E156628F145CDF3700BD2AC1 /* Toolbar */ = {
			isa = PBXGroup;
			children = (
				E1566290145CDF3700BD2AC1 /* Tool Set */,
				E189DA7B1468F4D100DCF58B /* Toolbar.h */,
				E189DA7C1468F4D100DCF58B /* Toolbar.m */,
			);
			path = Toolbar;
			sourceTree = "<group>";
		};
		E1566290145CDF3700BD2AC1 /* Tool Set */ = {
			isa = PBXGroup;
			children = (
				E189DA7E146F0ECB00DCF58B /* Icons */,
				E1566291145CDF3700BD2AC1 /* Brush Textures */,
				E1566295145CDF3700BD2AC1 /* Drawing Tools */,
				E15662B0145CFD8C00BD2AC1 /* ToolbarItem.h */,
				E15662B1145CFD8C00BD2AC1 /* ToolbarItem.m */,
				E1566293145CDF3700BD2AC1 /* Brush.h */,
				E1566294145CDF3700BD2AC1 /* Brush.m */,
				E15662B3145D10D200BD2AC1 /* DrawingColor.h */,
				E15662B4145D10D200BD2AC1 /* DrawingColor.m */,
				E15662B6145D140A00BD2AC1 /* ToolSet.h */,
				E15662B7145D140A00BD2AC1 /* ToolSet.m */,
			);
			path = "Tool Set";
			sourceTree = "<group>";
		};
		E1566291145CDF3700BD2AC1 /* Brush Textures */ = {
			isa = PBXGroup;
			children = (
				E189DA8F146F7A2F00DCF58B /* Calligraphy.png */,
				E189DA8B146F67D800DCF58B /* Circle.png */,
				E1566292145CDF3700BD2AC1 /* Particle.png */,
				E189DA8D146F789D00DCF58B /* Small_Particle.png */,
			);
			path = "Brush Textures";
			sourceTree = "<group>";
		};
		E1566295145CDF3700BD2AC1 /* Drawing Tools */ = {
			isa = PBXGroup;
			children = (
				E15662C0145D275C00BD2AC1 /* DrawingTool.h */,
				E189DA781468ED9600DCF58B /* EraserDrawingTool.h */,
				E189DA791468ED9600DCF58B /* EraserDrawingTool.m */,
				E15662C1145D29E800BD2AC1 /* PenDrawingTool.h */,
				E15662C2145D29E800BD2AC1 /* PenDrawingTool.m */,
				E189DA7514684DAA00DCF58B /* PencilDrawingTool.h */,
				E189DA7614684DAA00DCF58B /* PencilDrawingTool.m */,
			);
			path = "Drawing Tools";
			sourceTree = "<group>";
		};
		E15662A7145CDF9B00BD2AC1 /* Shared */ = {
			isa = PBXGroup;
			children = (
				E1D5F6E9150D8AB700280FBC /* Gallery Items */,
				E189DAA51470E1BC00DCF58B /* Tutorial Screens */,
				E15662B9145D192900BD2AC1 /* Database.h */,
				E15662BA145D192900BD2AC1 /* Database.m */,
				E189DAAE147169C700DCF58B /* TutorialOverlay.h */,
				E189DAAF147169C700DCF58B /* TutorialOverlay.m */,
				E1D3E7F8151E3ED700228E1C /* PositioningHelper.h */,
				E1D3E7F9151E3ED700228E1C /* PositioningHelper.m */,
				E1D3E7FC151F85D100228E1C /* UIImage+Resize.h */,
				E1D3E7FD151F85D100228E1C /* UIImage+Resize.m */,
				E1D3E7FF151F865600228E1C /* UIImage+RoundedCorner.h */,
				E1D3E800151F865600228E1C /* UIImage+RoundedCorner.m */,
				E1D3E802151F86A000228E1C /* UIImage+Alpha.h */,
				E1D3E803151F86A100228E1C /* UIImage+Alpha.m */,
			);
			path = Shared;
			sourceTree = "<group>";
		};
		E189DA7E146F0ECB00DCF58B /* Icons */ = {
			isa = PBXGroup;
			children = (
				E13DE83515201AB900BC77FD /* Gallery_Icon.png */,
				E189DA93146F898F00DCF58B /* Calligraphy_Icon.png */,
				E189DA94146F898F00DCF58B /* Circle_Icon.png */,
				E189DA91146F7CB700DCF58B /* Color_Yellow_Icon.png */,
				E189DA83146F1F3F00DCF58B /* Color_Black_Icon.png */,
				E189DA84146F1F3F00DCF58B /* Color_Blue_Icon.png */,
				E189DA85146F1F3F00DCF58B /* Color_Green_Icon.png */,
				E189DA86146F1F3F00DCF58B /* Color_Red_Icon.png */,
				E189DA7F146F0ECC00DCF58B /* Eraser_Icon.png */,
				E189DA9F147083D100DCF58B /* Help_Icon.png */,
				E189DA9D147072DC00DCF58B /* New_Drawing_Icon.png */,
				E189DA99147066DB00DCF58B /* Pen_Icon.png */,
				E189DA80146F0ECC00DCF58B /* Pencil_Icon.png */,
				E189DA9B14706F1C00DCF58B /* Quick_Switch_Icon.png */,
				E189DA95146F898F00DCF58B /* Small_Particle_Icon.png */,
			);
			path = Icons;
			sourceTree = "<group>";
		};
		E189DAA51470E1BC00DCF58B /* Tutorial Screens */ = {
			isa = PBXGroup;
			children = (
				E189DAA61470E1BC00DCF58B /* Tutorial_LandscapeLeft.png */,
				E189DAA71470E1BC00DCF58B /* Tutorial_LandscapeRight.png */,
				E189DAA81470E1BC00DCF58B /* Tutorial_Portrait.png */,
				E189DAA91470E1BC00DCF58B /* Tutorial_PortraitUpsideDown.png */,
			);
			path = "Tutorial Screens";
			sourceTree = "<group>";
		};
		E1D5F6E7150D8A9C00280FBC /* Gallery */ = {
			isa = PBXGroup;
			children = (
				E1D5F6EA150D8BDB00280FBC /* GalleryViewController.h */,
				E1D5F6EB150D8BDB00280FBC /* GalleryViewController.m */,
				E1D5F6EC150D8BDB00280FBC /* GalleryViewController.xib */,
				E1D5F6EF150D8C2300280FBC /* GalleryView.h */,
				E1D5F6F0150D8C2300280FBC /* GalleryView.m */,
				E1D5F6F2150D8DDB00280FBC /* GalleryToolbar.h */,
				E1D5F6F3150D8DDB00280FBC /* GalleryToolbar.m */,
				E17D0FEF15181CBE001976C9 /* GalleryViewDelegate.h */,
				E1E2D6701518AEC500F8CE42 /* GalleryToolbarDelegate.h */,
			);
			path = Gallery;
			sourceTree = "<group>";
		};
		E1D5F6E9150D8AB700280FBC /* Gallery Items */ = {
			isa = PBXGroup;
			children = (
				E13DE84415265E6000BC77FD /* Icons */,
				E1D5F6F5150D8E1800280FBC /* GalleryItem.h */,
				E1D5F6F6150D8E3F00280FBC /* Stack.h */,
				E1D5F6F7150D8E3F00280FBC /* Stack.m */,
				E1D5F6F9150D8E5300280FBC /* Drawing.h */,
				E1D5F6FA150D8E5300280FBC /* Drawing.m */,
			);
			path = "Gallery Items";
			sourceTree = "<group>";
		};
/* End PBXGroup section */

/* Begin PBXNativeTarget section */
		E1566257145CDF1A00BD2AC1 /* IdeaStorm */ = {
			isa = PBXNativeTarget;
			buildConfigurationList = E1566270145CDF1B00BD2AC1 /* Build configuration list for PBXNativeTarget "IdeaStorm" */;
			buildPhases = (
				E1566254145CDF1A00BD2AC1 /* Sources */,
				E1566255145CDF1A00BD2AC1 /* Frameworks */,
				E1566256145CDF1A00BD2AC1 /* Resources */,
			);
			buildRules = (
			);
			dependencies = (
			);
			name = IdeaStorm;
			productName = IdeaStorm;
			productReference = E1566258145CDF1A00BD2AC1 /* IdeaStorm.app */;
			productType = "com.apple.product-type.application";
		};
/* End PBXNativeTarget section */

/* Begin PBXProject section */
		E156624F145CDF1A00BD2AC1 /* Project object */ = {
			isa = PBXProject;
			attributes = {
				LastUpgradeCheck = 0430;
				ORGANIZATIONNAME = "Robert Cole";
			};
			buildConfigurationList = E1566252145CDF1A00BD2AC1 /* Build configuration list for PBXProject "IdeaStorm" */;
			compatibilityVersion = "Xcode 3.2";
			developmentRegion = English;
			hasScannedForEncodings = 0;
			knownRegions = (
				en,
			);
			mainGroup = E156624D145CDF1A00BD2AC1;
			productRefGroup = E1566259145CDF1A00BD2AC1 /* Products */;
			projectDirPath = "";
			projectRoot = "";
			targets = (
				E1566257145CDF1A00BD2AC1 /* IdeaStorm */,
			);
		};
/* End PBXProject section */

/* Begin PBXResourcesBuildPhase section */
		E1566256145CDF1A00BD2AC1 /* Resources */ = {
			isa = PBXResourcesBuildPhase;
			buildActionMask = 2147483647;
			files = (
				E189DA7414679FE600DCF58B /* Shader.vsh in Resources */,
				E189DA7314679FDE00DCF58B /* Shader.fsh in Resources */,
				E1566267145CDF1B00BD2AC1 /* InfoPlist.strings in Resources */,
				E156629E145CDF3700BD2AC1 /* DrawingViewController.xib in Resources */,
				E15662A4145CDF3700BD2AC1 /* Particle.png in Resources */,
				E189DA81146F0ECC00DCF58B /* Eraser_Icon.png in Resources */,
				E189DA82146F0ECC00DCF58B /* Pencil_Icon.png in Resources */,
				E189DA87146F1F3F00DCF58B /* Color_Black_Icon.png in Resources */,
				E189DA88146F1F3F00DCF58B /* Color_Blue_Icon.png in Resources */,
				E189DA89146F1F3F00DCF58B /* Color_Green_Icon.png in Resources */,
				E189DA8A146F1F3F00DCF58B /* Color_Red_Icon.png in Resources */,
				E189DA8C146F67D800DCF58B /* Circle.png in Resources */,
				E189DA8E146F789D00DCF58B /* Small_Particle.png in Resources */,
				E189DA90146F7A3000DCF58B /* Calligraphy.png in Resources */,
				E189DA92146F7CB700DCF58B /* Color_Yellow_Icon.png in Resources */,
				E189DA96146F898F00DCF58B /* Calligraphy_Icon.png in Resources */,
				E189DA97146F898F00DCF58B /* Circle_Icon.png in Resources */,
				E189DA98146F898F00DCF58B /* Small_Particle_Icon.png in Resources */,
				E189DA9A147066DB00DCF58B /* Pen_Icon.png in Resources */,
				E189DA9C14706F1C00DCF58B /* Quick_Switch_Icon.png in Resources */,
				E189DA9E147072DC00DCF58B /* New_Drawing_Icon.png in Resources */,
				E189DAA0147083D100DCF58B /* Help_Icon.png in Resources */,
				E189DAAA1470E1BC00DCF58B /* Tutorial_LandscapeLeft.png in Resources */,
				E189DAAB1470E1BC00DCF58B /* Tutorial_LandscapeRight.png in Resources */,
				E189DAAC1470E1BC00DCF58B /* Tutorial_Portrait.png in Resources */,
				E189DAAD1470E1BC00DCF58B /* Tutorial_PortraitUpsideDown.png in Resources */,
				E1D5F6EE150D8BDB00280FBC /* GalleryViewController.xib in Resources */,
				E13DE83615201AB900BC77FD /* Gallery_Icon.png in Resources */,
				E13DE83915201D2500BC77FD /* iPad Icon.png in Resources */,
				E13DE83B15201D2B00BC77FD /* Retina iPad Icon.png in Resources */,
				E13DE83D152021BF00BC77FD /* Default-Portrait~ipad.png in Resources */,
				E13DE83F152021C300BC77FD /* Default-Landscape~ipad.png in Resources */,
				E13DE841152021C800BC77FD /* Default-Landscape@2x~ipad.png in Resources */,
				E13DE843152021CD00BC77FD /* Default-Portrait@2x~ipad.png in Resources */,
				E13DE84615265E6000BC77FD /* StackBackground.png in Resources */,
				E13DE8481526631200BC77FD /* UpStackLevelIcon.png in Resources */,
			);
			runOnlyForDeploymentPostprocessing = 0;
		};
/* End PBXResourcesBuildPhase section */

/* Begin PBXSourcesBuildPhase section */
		E1566254145CDF1A00BD2AC1 /* Sources */ = {
			isa = PBXSourcesBuildPhase;
			buildActionMask = 2147483647;
			files = (
				E1566269145CDF1B00BD2AC1 /* main.m in Sources */,
				E156626D145CDF1B00BD2AC1 /* AppDelegate.m in Sources */,
				E1566298145CDF3700BD2AC1 /* CC3Foundation.m in Sources */,
				E1566299145CDF3700BD2AC1 /* CC3GLMatrix.m in Sources */,
				E156629A145CDF3700BD2AC1 /* CC3Kazmath.c in Sources */,
				E156629B145CDF3700BD2AC1 /* CC3Math.m in Sources */,
				E156629C145CDF3700BD2AC1 /* DrawingEngine.m in Sources */,
				E156629D145CDF3700BD2AC1 /* DrawingViewController.m in Sources */,
				E156629F145CDF3700BD2AC1 /* GLProgram.m in Sources */,
				E15662A0145CDF3700BD2AC1 /* GLView.m in Sources */,
				E15662A3145CDF3700BD2AC1 /* DrawingEngineTest.m in Sources */,
				E15662A5145CDF3700BD2AC1 /* Brush.m in Sources */,
				E15662B2145CFD8C00BD2AC1 /* ToolbarItem.m in Sources */,
				E15662B5145D10D200BD2AC1 /* DrawingColor.m in Sources */,
				E15662B8145D140A00BD2AC1 /* ToolSet.m in Sources */,
				E15662BB145D192900BD2AC1 /* Database.m in Sources */,
				E15662C3145D29E800BD2AC1 /* PenDrawingTool.m in Sources */,
				E189DA7714684DAA00DCF58B /* PencilDrawingTool.m in Sources */,
				E189DA7A1468ED9600DCF58B /* EraserDrawingTool.m in Sources */,
				E189DA7D1468F4D100DCF58B /* Toolbar.m in Sources */,
				E189DAB0147169C700DCF58B /* TutorialOverlay.m in Sources */,
				E1D5F6ED150D8BDB00280FBC /* GalleryViewController.m in Sources */,
				E1D5F6F1150D8C2300280FBC /* GalleryView.m in Sources */,
				E1D5F6F4150D8DDB00280FBC /* GalleryToolbar.m in Sources */,
				E1D5F6F8150D8E3F00280FBC /* Stack.m in Sources */,
				E1D5F6FB150D8E5300280FBC /* Drawing.m in Sources */,
				E1D3E7FA151E3ED700228E1C /* PositioningHelper.m in Sources */,
				E1D3E7FE151F85D100228E1C /* UIImage+Resize.m in Sources */,
				E1D3E801151F865600228E1C /* UIImage+RoundedCorner.m in Sources */,
				E1D3E804151F86A100228E1C /* UIImage+Alpha.m in Sources */,
			);
			runOnlyForDeploymentPostprocessing = 0;
		};
/* End PBXSourcesBuildPhase section */

/* Begin PBXVariantGroup section */
		E1566265145CDF1B00BD2AC1 /* InfoPlist.strings */ = {
			isa = PBXVariantGroup;
			children = (
				E1566266145CDF1B00BD2AC1 /* en */,
			);
			name = InfoPlist.strings;
			sourceTree = "<group>";
		};
/* End PBXVariantGroup section */

/* Begin XCBuildConfiguration section */
		E156626E145CDF1B00BD2AC1 /* Debug */ = {
			isa = XCBuildConfiguration;
			buildSettings = {
				ALWAYS_SEARCH_USER_PATHS = NO;
				ARCHS = "$(ARCHS_STANDARD_32_BIT)";
				"CODE_SIGN_IDENTITY[sdk=iphoneos*]" = "iPhone Developer";
				COPY_PHASE_STRIP = NO;
				GCC_C_LANGUAGE_STANDARD = gnu99;
				GCC_DYNAMIC_NO_PIC = NO;
				GCC_OPTIMIZATION_LEVEL = 0;
				GCC_PREPROCESSOR_DEFINITIONS = (
					"DEBUG=1",
					"$(inherited)",
				);
				GCC_SYMBOLS_PRIVATE_EXTERN = NO;
				GCC_VERSION = com.apple.compilers.llvm.clang.1_0;
				GCC_WARN_ABOUT_MISSING_PROTOTYPES = YES;
				GCC_WARN_ABOUT_RETURN_TYPE = YES;
				GCC_WARN_UNUSED_VARIABLE = YES;
				IPHONEOS_DEPLOYMENT_TARGET = 5.0;
				SDKROOT = iphoneos;
				TARGETED_DEVICE_FAMILY = 2;
			};
			name = Debug;
		};
		E156626F145CDF1B00BD2AC1 /* Release */ = {
			isa = XCBuildConfiguration;
			buildSettings = {
				ALWAYS_SEARCH_USER_PATHS = NO;
				ARCHS = "$(ARCHS_STANDARD_32_BIT)";
				"CODE_SIGN_IDENTITY[sdk=iphoneos*]" = "iPhone Developer";
				COPY_PHASE_STRIP = YES;
				GCC_C_LANGUAGE_STANDARD = gnu99;
				GCC_VERSION = com.apple.compilers.llvm.clang.1_0;
				GCC_WARN_ABOUT_MISSING_PROTOTYPES = YES;
				GCC_WARN_ABOUT_RETURN_TYPE = YES;
				GCC_WARN_UNUSED_VARIABLE = YES;
				IPHONEOS_DEPLOYMENT_TARGET = 5.0;
				OTHER_CFLAGS = "-DNS_BLOCK_ASSERTIONS=1";
				SDKROOT = iphoneos;
				TARGETED_DEVICE_FAMILY = 2;
				VALIDATE_PRODUCT = YES;
			};
			name = Release;
		};
		E1566271145CDF1B00BD2AC1 /* Debug */ = {
			isa = XCBuildConfiguration;
			buildSettings = {
				GCC_PRECOMPILE_PREFIX_HEADER = YES;
				GCC_PREFIX_HEADER = "IdeaStorm/IdeaStorm-Prefix.pch";
				INFOPLIST_FILE = "IdeaStorm/IdeaStorm-Info.plist";
				IPHONEOS_DEPLOYMENT_TARGET = 4.3;
				PRODUCT_NAME = "$(TARGET_NAME)";
				WRAPPER_EXTENSION = app;
			};
			name = Debug;
		};
		E1566272145CDF1B00BD2AC1 /* Release */ = {
			isa = XCBuildConfiguration;
			buildSettings = {
				GCC_PRECOMPILE_PREFIX_HEADER = YES;
				GCC_PREFIX_HEADER = "IdeaStorm/IdeaStorm-Prefix.pch";
				INFOPLIST_FILE = "IdeaStorm/IdeaStorm-Info.plist";
				IPHONEOS_DEPLOYMENT_TARGET = 4.3;
				PRODUCT_NAME = "$(TARGET_NAME)";
				WRAPPER_EXTENSION = app;
			};
			name = Release;
		};
/* End XCBuildConfiguration section */

/* Begin XCConfigurationList section */
		E1566252145CDF1A00BD2AC1 /* Build configuration list for PBXProject "IdeaStorm" */ = {
			isa = XCConfigurationList;
			buildConfigurations = (
				E156626E145CDF1B00BD2AC1 /* Debug */,
				E156626F145CDF1B00BD2AC1 /* Release */,
			);
			defaultConfigurationIsVisible = 0;
			defaultConfigurationName = Release;
		};
		E1566270145CDF1B00BD2AC1 /* Build configuration list for PBXNativeTarget "IdeaStorm" */ = {
			isa = XCConfigurationList;
			buildConfigurations = (
				E1566271145CDF1B00BD2AC1 /* Debug */,
				E1566272145CDF1B00BD2AC1 /* Release */,
			);
			defaultConfigurationIsVisible = 0;
			defaultConfigurationName = Release;
		};
/* End XCConfigurationList section */
	};
	rootObject = E156624F145CDF1A00BD2AC1 /* Project object */;
}
